// !$*UTF8*$!
{
	archiveVersion = 1;
	classes = {
	};
	objectVersion = 50;
	objects = {

/* Begin PBXBuildFile section */
		3A37F8DF24AF107800121945 /* AppDelegate.swift in Sources */ = {isa = PBXBuildFile; fileRef = 3A37F8DE24AF107800121945 /* AppDelegate.swift */; };
		3A37F8E124AF107800121945 /* SceneDelegate.swift in Sources */ = {isa = PBXBuildFile; fileRef = 3A37F8E024AF107800121945 /* SceneDelegate.swift */; };
		3A37F8E324AF107800121945 /* ViewController.swift in Sources */ = {isa = PBXBuildFile; fileRef = 3A37F8E224AF107800121945 /* ViewController.swift */; };
		3A37F8E624AF107800121945 /* Main.storyboard in Resources */ = {isa = PBXBuildFile; fileRef = 3A37F8E424AF107800121945 /* Main.storyboard */; };
		3A37F8E824AF107A00121945 /* Assets.xcassets in Resources */ = {isa = PBXBuildFile; fileRef = 3A37F8E724AF107A00121945 /* Assets.xcassets */; };
		3A37F8EB24AF107A00121945 /* LaunchScreen.storyboard in Resources */ = {isa = PBXBuildFile; fileRef = 3A37F8E924AF107A00121945 /* LaunchScreen.storyboard */; };
		3A37F8F324AF11BD00121945 /* FullNewsViewController.swift in Sources */ = {isa = PBXBuildFile; fileRef = 3A37F8F224AF11BD00121945 /* FullNewsViewController.swift */; };
		3A37F8F724AF124600121945 /* FullNewsCell.swift in Sources */ = {isa = PBXBuildFile; fileRef = 3A37F8F524AF124600121945 /* FullNewsCell.swift */; };
		3A37F8F824AF124600121945 /* FullNewsCell.xib in Resources */ = {isa = PBXBuildFile; fileRef = 3A37F8F624AF124600121945 /* FullNewsCell.xib */; };
		3A37F8FF24AF13E600121945 /* NewsCell.swift in Sources */ = {isa = PBXBuildFile; fileRef = 3A37F8FD24AF13E600121945 /* NewsCell.swift */; };
		3A37F90024AF13E600121945 /* NewsCell.xib in Resources */ = {isa = PBXBuildFile; fileRef = 3A37F8FE24AF13E600121945 /* NewsCell.xib */; };
		3A37F90324AF1F3500121945 /* ItemOfNews.swift in Sources */ = {isa = PBXBuildFile; fileRef = 3A37F90224AF1F3500121945 /* ItemOfNews.swift */; };
		3A37F90524AF46AB00121945 /* Data.swift in Sources */ = {isa = PBXBuildFile; fileRef = 3A37F90424AF46AB00121945 /* Data.swift */; };
		3A37F90724AF4CB400121945 /* Parcer.swift in Sources */ = {isa = PBXBuildFile; fileRef = 3A37F90624AF4CB400121945 /* Parcer.swift */; };
/* End PBXBuildFile section */

/* Begin PBXFileReference section */
		3A37F8DB24AF107800121945 /* NewsApp.app */ = {isa = PBXFileReference; explicitFileType = wrapper.application; includeInIndex = 0; path = NewsApp.app; sourceTree = BUILT_PRODUCTS_DIR; };
		3A37F8DE24AF107800121945 /* AppDelegate.swift */ = {isa = PBXFileReference; lastKnownFileType = sourcecode.swift; path = AppDelegate.swift; sourceTree = "<group>"; };
		3A37F8E024AF107800121945 /* SceneDelegate.swift */ = {isa = PBXFileReference; lastKnownFileType = sourcecode.swift; path = SceneDelegate.swift; sourceTree = "<group>"; };
		3A37F8E224AF107800121945 /* ViewController.swift */ = {isa = PBXFileReference; lastKnownFileType = sourcecode.swift; path = ViewController.swift; sourceTree = "<group>"; };
		3A37F8E524AF107800121945 /* Base */ = {isa = PBXFileReference; lastKnownFileType = file.storyboard; name = Base; path = Base.lproj/Main.storyboard; sourceTree = "<group>"; };
		3A37F8E724AF107A00121945 /* Assets.xcassets */ = {isa = PBXFileReference; lastKnownFileType = folder.assetcatalog; path = Assets.xcassets; sourceTree = "<group>"; };
		3A37F8EA24AF107A00121945 /* Base */ = {isa = PBXFileReference; lastKnownFileType = file.storyboard; name = Base; path = Base.lproj/LaunchScreen.storyboard; sourceTree = "<group>"; };
		3A37F8EC24AF107A00121945 /* Info.plist */ = {isa = PBXFileReference; lastKnownFileType = text.plist.xml; path = Info.plist; sourceTree = "<group>"; };
		3A37F8F224AF11BD00121945 /* FullNewsViewController.swift */ = {isa = PBXFileReference; lastKnownFileType = sourcecode.swift; path = FullNewsViewController.swift; sourceTree = "<group>"; };
		3A37F8F524AF124600121945 /* FullNewsCell.swift */ = {isa = PBXFileReference; lastKnownFileType = sourcecode.swift; path = FullNewsCell.swift; sourceTree = "<group>"; };
		3A37F8F624AF124600121945 /* FullNewsCell.xib */ = {isa = PBXFileReference; lastKnownFileType = file.xib; path = FullNewsCell.xib; sourceTree = "<group>"; };
		3A37F8FD24AF13E600121945 /* NewsCell.swift */ = {isa = PBXFileReference; lastKnownFileType = sourcecode.swift; path = NewsCell.swift; sourceTree = "<group>"; };
		3A37F8FE24AF13E600121945 /* NewsCell.xib */ = {isa = PBXFileReference; lastKnownFileType = file.xib; path = NewsCell.xib; sourceTree = "<group>"; };
		3A37F90224AF1F3500121945 /* ItemOfNews.swift */ = {isa = PBXFileReference; lastKnownFileType = sourcecode.swift; path = ItemOfNews.swift; sourceTree = "<group>"; };
		3A37F90424AF46AB00121945 /* Data.swift */ = {isa = PBXFileReference; lastKnownFileType = sourcecode.swift; path = Data.swift; sourceTree = "<group>"; };
		3A37F90624AF4CB400121945 /* Parcer.swift */ = {isa = PBXFileReference; lastKnownFileType = sourcecode.swift; path = Parcer.swift; sourceTree = "<group>"; };
/* End PBXFileReference section */

/* Begin PBXFrameworksBuildPhase section */
		3A37F8D824AF107800121945 /* Frameworks */ = {
			isa = PBXFrameworksBuildPhase;
			buildActionMask = 2147483647;
			files = (
			);
			runOnlyForDeploymentPostprocessing = 0;
		};
/* End PBXFrameworksBuildPhase section */

/* Begin PBXGroup section */
		3A37F8D224AF107800121945 = {
			isa = PBXGroup;
			children = (
				3A37F8DD24AF107800121945 /* NewsApp */,
				3A37F8DC24AF107800121945 /* Products */,
			);
			sourceTree = "<group>";
		};
		3A37F8DC24AF107800121945 /* Products */ = {
			isa = PBXGroup;
			children = (
				3A37F8DB24AF107800121945 /* NewsApp.app */,
			);
			name = Products;
			sourceTree = "<group>";
		};
		3A37F8DD24AF107800121945 /* NewsApp */ = {
			isa = PBXGroup;
			children = (
				3A37F90124AF1ED100121945 /* Model */,
				3A37F8F424AF11E900121945 /* NewsCell */,
				3A37F8DE24AF107800121945 /* AppDelegate.swift */,
				3A37F8E024AF107800121945 /* SceneDelegate.swift */,
				3A37F8E224AF107800121945 /* ViewController.swift */,
				3A37F8F224AF11BD00121945 /* FullNewsViewController.swift */,
				3A37F8E424AF107800121945 /* Main.storyboard */,
				3A37F8E724AF107A00121945 /* Assets.xcassets */,
				3A37F8E924AF107A00121945 /* LaunchScreen.storyboard */,
				3A37F8EC24AF107A00121945 /* Info.plist */,
			);
			path = NewsApp;
			sourceTree = "<group>";
		};
		3A37F8F424AF11E900121945 /* NewsCell */ = {
			isa = PBXGroup;
			children = (
				3A37F8F524AF124600121945 /* FullNewsCell.swift */,
				3A37F8F624AF124600121945 /* FullNewsCell.xib */,
				3A37F8FD24AF13E600121945 /* NewsCell.swift */,
				3A37F8FE24AF13E600121945 /* NewsCell.xib */,
			);
			path = NewsCell;
			sourceTree = "<group>";
		};
		3A37F90124AF1ED100121945 /* Model */ = {
			isa = PBXGroup;
			children = (
				3A37F90224AF1F3500121945 /* ItemOfNews.swift */,
				3A37F90424AF46AB00121945 /* Data.swift */,
				3A37F90624AF4CB400121945 /* Parcer.swift */,
			);
			path = Model;
			sourceTree = "<group>";
		};
/* End PBXGroup section */

/* Begin PBXNativeTarget section */
		3A37F8DA24AF107800121945 /* NewsApp */ = {
			isa = PBXNativeTarget;
			buildConfigurationList = 3A37F8EF24AF107A00121945 /* Build configuration list for PBXNativeTarget "NewsApp" */;
			buildPhases = (
				3A37F8D724AF107800121945 /* Sources */,
				3A37F8D824AF107800121945 /* Frameworks */,
				3A37F8D924AF107800121945 /* Resources */,
			);
			buildRules = (
			);
			dependencies = (
			);
			name = NewsApp;
			productName = NewsApp;
			productReference = 3A37F8DB24AF107800121945 /* NewsApp.app */;
			productType = "com.apple.product-type.application";
		};
/* End PBXNativeTarget section */

/* Begin PBXProject section */
		3A37F8D324AF107800121945 /* Project object */ = {
			isa = PBXProject;
			attributes = {
				LastSwiftUpdateCheck = 1120;
				LastUpgradeCheck = 1120;
				ORGANIZATIONNAME = "Anton Agafonov";
				TargetAttributes = {
					3A37F8DA24AF107800121945 = {
						CreatedOnToolsVersion = 11.2.1;
					};
				};
			};
			buildConfigurationList = 3A37F8D624AF107800121945 /* Build configuration list for PBXProject "NewsApp" */;
			compatibilityVersion = "Xcode 9.3";
			developmentRegion = en;
			hasScannedForEncodings = 0;
			knownRegions = (
				en,
				Base,
			);
			mainGroup = 3A37F8D224AF107800121945;
			productRefGroup = 3A37F8DC24AF107800121945 /* Products */;
			projectDirPath = "";
			projectRoot = "";
			targets = (
				3A37F8DA24AF107800121945 /* NewsApp */,
			);
		};
/* End PBXProject section */

/* Begin PBXResourcesBuildPhase section */
		3A37F8D924AF107800121945 /* Resources */ = {
			isa = PBXResourcesBuildPhase;
			buildActionMask = 2147483647;
			files = (
				3A37F8EB24AF107A00121945 /* LaunchScreen.storyboard in Resources */,
				3A37F8F824AF124600121945 /* FullNewsCell.xib in Resources */,
				3A37F90024AF13E600121945 /* NewsCell.xib in Resources */,
				3A37F8E824AF107A00121945 /* Assets.xcassets in Resources */,
				3A37F8E624AF107800121945 /* Main.storyboard in Resources */,
			);
			runOnlyForDeploymentPostprocessing = 0;
		};
/* End PBXResourcesBuildPhase section */

/* Begin PBXSourcesBuildPhase section */
		3A37F8D724AF107800121945 /* Sources */ = {
			isa = PBXSourcesBuildPhase;
			buildActionMask = 2147483647;
			files = (
				3A37F90724AF4CB400121945 /* Parcer.swift in Sources */,
				3A37F8E324AF107800121945 /* ViewController.swift in Sources */,
				3A37F8F724AF124600121945 /* FullNewsCell.swift in Sources */,
				3A37F8DF24AF107800121945 /* AppDelegate.swift in Sources */,
				3A37F8F324AF11BD00121945 /* FullNewsViewController.swift in Sources */,
				3A37F8FF24AF13E600121945 /* NewsCell.swift in Sources */,
				3A37F8E124AF107800121945 /* SceneDelegate.swift in Sources */,
				3A37F90324AF1F3500121945 /* ItemOfNews.swift in Sources */,
				3A37F90524AF46AB00121945 /* Data.swift in Sources */,
			);
			runOnlyForDeploymentPostprocessing = 0;
		};
/* End PBXSourcesBuildPhase section */

/* Begin PBXVariantGroup section */
		3A37F8E424AF107800121945 /* Main.storyboard */ = {
			isa = PBXVariantGroup;
			children = (
				3A37F8E524AF107800121945 /* Base */,
			);
			name = Main.storyboard;
			sourceTree = "<group>";
		};
		3A37F8E924AF107A00121945 /* LaunchScreen.storyboard */ = {
			isa = PBXVariantGroup;
			children = (
				3A37F8EA24AF107A00121945 /* Base */,
			);
			name = LaunchScreen.storyboard;
			sourceTree = "<group>";
		};
/* End PBXVariantGroup section */

/* Begin XCBuildConfiguration section */
		3A37F8ED24AF107A00121945 /* Debug */ = {
			isa = XCBuildConfiguration;
			buildSettings = {
				ALWAYS_SEARCH_USER_PATHS = NO;
				CLANG_ANALYZER_NONNULL = YES;
				CLANG_ANALYZER_NUMBER_OBJECT_CONVERSION = YES_AGGRESSIVE;
				CLANG_CXX_LANGUAGE_STANDARD = "gnu++14";
				CLANG_CXX_LIBRARY = "libc++";
				CLANG_ENABLE_MODULES = YES;
				CLANG_ENABLE_OBJC_ARC = YES;
				CLANG_ENABLE_OBJC_WEAK = YES;
				CLANG_WARN_BLOCK_CAPTURE_AUTORELEASING = YES;
				CLANG_WARN_BOOL_CONVERSION = YES;
				CLANG_WARN_COMMA = YES;
				CLANG_WARN_CONSTANT_CONVERSION = YES;
				CLANG_WARN_DEPRECATED_OBJC_IMPLEMENTATIONS = YES;
				CLANG_WARN_DIRECT_OBJC_ISA_USAGE = YES_ERROR;
				CLANG_WARN_DOCUMENTATION_COMMENTS = YES;
				CLANG_WARN_EMPTY_BODY = YES;
				CLANG_WARN_ENUM_CONVERSION = YES;
				CLANG_WARN_INFINITE_RECURSION = YES;
				CLANG_WARN_INT_CONVERSION = YES;
				CLANG_WARN_NON_LITERAL_NULL_CONVERSION = YES;
				CLANG_WARN_OBJC_IMPLICIT_RETAIN_SELF = YES;
				CLANG_WARN_OBJC_LITERAL_CONVERSION = YES;
				CLANG_WARN_OBJC_ROOT_CLASS = YES_ERROR;
				CLANG_WARN_RANGE_LOOP_ANALYSIS = YES;
				CLANG_WARN_STRICT_PROTOTYPES = YES;
				CLANG_WARN_SUSPICIOUS_MOVE = YES;
				CLANG_WARN_UNGUARDED_AVAILABILITY = YES_AGGRESSIVE;
				CLANG_WARN_UNREACHABLE_CODE = YES;
				CLANG_WARN__DUPLICATE_METHOD_MATCH = YES;
				COPY_PHASE_STRIP = NO;
				DEBUG_INFORMATION_FORMAT = dwarf;
				ENABLE_STRICT_OBJC_MSGSEND = YES;
				ENABLE_TESTABILITY = YES;
				GCC_C_LANGUAGE_STANDARD = gnu11;
				GCC_DYNAMIC_NO_PIC = NO;
				GCC_NO_COMMON_BLOCKS = YES;
				GCC_OPTIMIZATION_LEVEL = 0;
				GCC_PREPROCESSOR_DEFINITIONS = (
					"DEBUG=1",
					"$(inherited)",
				);
				GCC_WARN_64_TO_32_BIT_CONVERSION = YES;
				GCC_WARN_ABOUT_RETURN_TYPE = YES_ERROR;
				GCC_WARN_UNDECLARED_SELECTOR = YES;
				GCC_WARN_UNINITIALIZED_AUTOS = YES_AGGRESSIVE;
				GCC_WARN_UNUSED_FUNCTION = YES;
				GCC_WARN_UNUSED_VARIABLE = YES;
				IPHONEOS_DEPLOYMENT_TARGET = 13.2;
				MTL_ENABLE_DEBUG_INFO = INCLUDE_SOURCE;
				MTL_FAST_MATH = YES;
				ONLY_ACTIVE_ARCH = YES;
				SDKROOT = iphoneos;
				SWIFT_ACTIVE_COMPILATION_CONDITIONS = DEBUG;
				SWIFT_OPTIMIZATION_LEVEL = "-Onone";
			};
			name = Debug;
		};
		3A37F8EE24AF107A00121945 /* Release */ = {
			isa = XCBuildConfiguration;
			buildSettings = {
				ALWAYS_SEARCH_USER_PATHS = NO;
				CLANG_ANALYZER_NONNULL = YES;
				CLANG_ANALYZER_NUMBER_OBJECT_CONVERSION = YES_AGGRESSIVE;
				CLANG_CXX_LANGUAGE_STANDARD = "gnu++14";
				CLANG_CXX_LIBRARY = "libc++";
				CLANG_ENABLE_MODULES = YES;
				CLANG_ENABLE_OBJC_ARC = YES;
				CLANG_ENABLE_OBJC_WEAK = YES;
				CLANG_WARN_BLOCK_CAPTURE_AUTORELEASING = YES;
				CLANG_WARN_BOOL_CONVERSION = YES;
				CLANG_WARN_COMMA = YES;
				CLANG_WARN_CONSTANT_CONVERSION = YES;
				CLANG_WARN_DEPRECATED_OBJC_IMPLEMENTATIONS = YES;
				CLANG_WARN_DIRECT_OBJC_ISA_USAGE = YES_ERROR;
				CLANG_WARN_DOCUMENTATION_COMMENTS = YES;
				CLANG_WARN_EMPTY_BODY = YES;
				CLANG_WARN_ENUM_CONVERSION = YES;
				CLANG_WARN_INFINITE_RECURSION = YES;
				CLANG_WARN_INT_CONVERSION = YES;
				CLANG_WARN_NON_LITERAL_NULL_CONVERSION = YES;
				CLANG_WARN_OBJC_IMPLICIT_RETAIN_SELF = YES;
				CLANG_WARN_OBJC_LITERAL_CONVERSION = YES;
				CLANG_WARN_OBJC_ROOT_CLASS = YES_ERROR;
				CLANG_WARN_RANGE_LOOP_ANALYSIS = YES;
				CLANG_WARN_STRICT_PROTOTYPES = YES;
				CLANG_WARN_SUSPICIOUS_MOVE = YES;
				CLANG_WARN_UNGUARDED_AVAILABILITY = YES_AGGRESSIVE;
				CLANG_WARN_UNREACHABLE_CODE = YES;
				CLANG_WARN__DUPLICATE_METHOD_MATCH = YES;
				COPY_PHASE_STRIP = NO;
				DEBUG_INFORMATION_FORMAT = "dwarf-with-dsym";
				ENABLE_NS_ASSERTIONS = NO;
				ENABLE_STRICT_OBJC_MSGSEND = YES;
				GCC_C_LANGUAGE_STANDARD = gnu11;
				GCC_NO_COMMON_BLOCKS = YES;
				GCC_WARN_64_TO_32_BIT_CONVERSION = YES;
				GCC_WARN_ABOUT_RETURN_TYPE = YES_ERROR;
				GCC_WARN_UNDECLARED_SELECTOR = YES;
				GCC_WARN_UNINITIALIZED_AUTOS = YES_AGGRESSIVE;
				GCC_WARN_UNUSED_FUNCTION = YES;
				GCC_WARN_UNUSED_VARIABLE = YES;
				IPHONEOS_DEPLOYMENT_TARGET = 13.2;
				MTL_ENABLE_DEBUG_INFO = NO;
				MTL_FAST_MATH = YES;
				SDKROOT = iphoneos;
				SWIFT_COMPILATION_MODE = wholemodule;
				SWIFT_OPTIMIZATION_LEVEL = "-O";
				VALIDATE_PRODUCT = YES;
			};
			name = Release;
		};
		3A37F8F024AF107A00121945 /* Debug */ = {
			isa = XCBuildConfiguration;
			buildSettings = {
				ASSETCATALOG_COMPILER_APPICON_NAME = AppIcon;
				CODE_SIGN_STYLE = Automatic;
				DEVELOPMENT_TEAM = 836DR8655U;
				INFOPLIST_FILE = NewsApp/Info.plist;
				LD_RUNPATH_SEARCH_PATHS = (
					"$(inherited)",
					"@executable_path/Frameworks",
				);
				PRODUCT_BUNDLE_IDENTIFIER = AA.NewsApp;
				PRODUCT_NAME = "$(TARGET_NAME)";
				SWIFT_VERSION = 5.0;
				TARGETED_DEVICE_FAMILY = "1,2";
			};
			name = Debug;
		};
		3A37F8F124AF107A00121945 /* Release */ = {
			isa = XCBuildConfiguration;
			buildSettings = {
				ASSETCATALOG_COMPILER_APPICON_NAME = AppIcon;
				CODE_SIGN_STYLE = Automatic;
				DEVELOPMENT_TEAM = 836DR8655U;
				INFOPLIST_FILE = NewsApp/Info.plist;
				LD_RUNPATH_SEARCH_PATHS = (
					"$(inherited)",
					"@executable_path/Frameworks",
				);
				PRODUCT_BUNDLE_IDENTIFIER = AA.NewsApp;
				PRODUCT_NAME = "$(TARGET_NAME)";
				SWIFT_VERSION = 5.0;
				TARGETED_DEVICE_FAMILY = "1,2";
			};
			name = Release;
		};
/* End XCBuildConfiguration section */

/* Begin XCConfigurationList section */
		3A37F8D624AF107800121945 /* Build configuration list for PBXProject "NewsApp" */ = {
			isa = XCConfigurationList;
			buildConfigurations = (
				3A37F8ED24AF107A00121945 /* Debug */,
				3A37F8EE24AF107A00121945 /* Release */,
			);
			defaultConfigurationIsVisible = 0;
			defaultConfigurationName = Release;
		};
		3A37F8EF24AF107A00121945 /* Build configuration list for PBXNativeTarget "NewsApp" */ = {
			isa = XCConfigurationList;
			buildConfigurations = (
				3A37F8F024AF107A00121945 /* Debug */,
				3A37F8F124AF107A00121945 /* Release */,
			);
			defaultConfigurationIsVisible = 0;
			defaultConfigurationName = Release;
		};
/* End XCConfigurationList section */
	};
	rootObject = 3A37F8D324AF107800121945 /* Project object */;
}
